
Microsoft Visual Studio Solution File, Format Version 12.00
# Visual Studio Version 17
VisualStudioVersion = 17.13.35828.75 d17.13
MinimumVisualStudioVersion = 10.0.40219.1
Project("{FAE04EC0-301F-11D3-BF4B-00C04F79EFBC}") = "MiniGames", "MiniGames\MiniGames.csproj", "{A2C03C1F-7FE6-4C06-9D19-C5A4DA4F6399}"
EndProject
Global
	GlobalSection(SolutionConfigurationPlatforms) = preSolution
		Debug|Any CPU = Debug|Any CPU
		Release|Any CPU = Release|Any CPU
	EndGlobalSection
	GlobalSection(ProjectConfigurationPlatforms) = postSolution
		{A2C03C1F-7FE6-4C06-9D19-C5A4DA4F6399}.Debug|Any CPU.ActiveCfg = Debug|Any CPU
		{A2C03C1F-7FE6-4C06-9D19-C5A4DA4F6399}.Debug|Any CPU.Build.0 = Debug|Any CPU
		{A2C03C1F-7FE6-4C06-9D19-C5A4DA4F6399}.Release|Any CPU.ActiveCfg = Release|Any CPU
		{A2C03C1F-7FE6-4C06-9D19-C5A4DA4F6399}.Release|Any CPU.Build.0 = Release|Any CPU
	EndGlobalSection
	GlobalSection(SolutionProperties) = preSolution
		HideSolutionNode = FALSE
	EndGlobalSection
	GlobalSection(ExtensibilityGlobals) = postSolution
		SolutionGuid = {8F151823-C84D-404D-BA16-07CE4120CB2B}
	EndGlobalSection
EndGlobal
